
Microsoft Visual Studio Solution File, Format Version 12.00
# Visual Studio 2012
Project("{FAE04EC0-301F-11D3-BF4B-00C04F79EFBC}") = "BindingPasswordBox", "BindingPasswordBox\BindingPasswordBox.csproj", "{6D1E2ED9-D7FC-42CF-9CBB-B1782B577112}"
EndProject
Global
	GlobalSection(SolutionConfigurationPlatforms) = preSolution
		Debug|Any CPU = Debug|Any CPU
		Release|Any CPU = Release|Any CPU
	EndGlobalSection
	GlobalSection(ProjectConfigurationPlatforms) = postSolution
		{6D1E2ED9-D7FC-42CF-9CBB-B1782B577112}.Debug|Any CPU.ActiveCfg = Debug|Any CPU
		{6D1E2ED9-D7FC-42CF-9CBB-B1782B577112}.Debug|Any CPU.Build.0 = Debug|Any CPU
		{6D1E2ED9-D7FC-42CF-9CBB-B1782B577112}.Release|Any CPU.ActiveCfg = Release|Any CPU
		{6D1E2ED9-D7FC-42CF-9CBB-B1782B577112}.Release|Any CPU.Build.0 = Release|Any CPU
	EndGlobalSection
	GlobalSection(SolutionProperties) = preSolution
		HideSolutionNode = FALSE
	EndGlobalSection
EndGlobal
